
Microsoft Visual Studio Solution File, Format Version 12.00
# Visual Studio Version 17
VisualStudioVersion = 17.0.31903.59
MinimumVisualStudioVersion = 10.0.40219.1
Project("{FAE04EC0-301F-11D3-BF4B-00C04F79EFBC}") = "OrleansSamples.AspireApiClient.AppHost", "OrleansSamples.AspireApiClient.AppHost\OrleansSamples.AspireApiClient.AppHost.csproj", "{D5BBA547-0640-455A-9A5A-428D6D532E79}"
EndProject
Project("{FAE04EC0-301F-11D3-BF4B-00C04F79EFBC}") = "OrleansSamples.AspireApiClient.Silo", "OrleansSamples.AspireApiClient.Silo\OrleansSamples.AspireApiClient.Silo.csproj", "{D3498A57-EF43-749F-D9DC-4A4ADCCD729E}"
EndProject
Project("{FAE04EC0-301F-11D3-BF4B-00C04F79EFBC}") = "OrleansSamples.AspireApiClient.Api", "OrleansSamples.AspireApiClient.Api\OrleansSamples.AspireApiClient.Api.csproj", "{0B03165F-9866-C299-E388-D3B623839226}"
EndProject
Project("{FAE04EC0-301F-11D3-BF4B-00C04F79EFBC}") = "OrleansSamples.Common", "..\..\common\OrleansSamples.Common\OrleansSamples.Common.csproj", "{72EFDE28-1A00-281F-5A2C-CA5CEE614A5C}"
EndProject
Project("{2150E333-8FDC-42A3-9474-1A3956D46DE8}") = "Common", "Common", "{02EA681E-C7D8-13C7-8484-4AC65E1B71E8}"
EndProject
Project("{FAE04EC0-301F-11D3-BF4B-00C04F79EFBC}") = "OrleansSamples.ServiceDefaults", "..\..\common\OrleansSamples.ServiceDefaults\OrleansSamples.ServiceDefaults.csproj", "{E4DCBB1C-1291-C61C-BD27-97858000B481}"
EndProject
Global
	GlobalSection(SolutionConfigurationPlatforms) = preSolution
		Debug|Any CPU = Debug|Any CPU
		Release|Any CPU = Release|Any CPU
	EndGlobalSection
	GlobalSection(ProjectConfigurationPlatforms) = postSolution
		{D5BBA547-0640-455A-9A5A-428D6D532E79}.Debug|Any CPU.ActiveCfg = Debug|Any CPU
		{D5BBA547-0640-455A-9A5A-428D6D532E79}.Debug|Any CPU.Build.0 = Debug|Any CPU
		{D5BBA547-0640-455A-9A5A-428D6D532E79}.Release|Any CPU.ActiveCfg = Release|Any CPU
		{D5BBA547-0640-455A-9A5A-428D6D532E79}.Release|Any CPU.Build.0 = Release|Any CPU
		{D3498A57-EF43-749F-D9DC-4A4ADCCD729E}.Debug|Any CPU.ActiveCfg = Debug|Any CPU
		{D3498A57-EF43-749F-D9DC-4A4ADCCD729E}.Debug|Any CPU.Build.0 = Debug|Any CPU
		{D3498A57-EF43-749F-D9DC-4A4ADCCD729E}.Release|Any CPU.ActiveCfg = Release|Any CPU
		{D3498A57-EF43-749F-D9DC-4A4ADCCD729E}.Release|Any CPU.Build.0 = Release|Any CPU
		{0B03165F-9866-C299-E388-D3B623839226}.Debug|Any CPU.ActiveCfg = Debug|Any CPU
		{0B03165F-9866-C299-E388-D3B623839226}.Debug|Any CPU.Build.0 = Debug|Any CPU
		{0B03165F-9866-C299-E388-D3B623839226}.Release|Any CPU.ActiveCfg = Release|Any CPU
		{0B03165F-9866-C299-E388-D3B623839226}.Release|Any CPU.Build.0 = Release|Any CPU
		{72EFDE28-1A00-281F-5A2C-CA5CEE614A5C}.Debug|Any CPU.ActiveCfg = Debug|Any CPU
		{72EFDE28-1A00-281F-5A2C-CA5CEE614A5C}.Debug|Any CPU.Build.0 = Debug|Any CPU
		{72EFDE28-1A00-281F-5A2C-CA5CEE614A5C}.Release|Any CPU.ActiveCfg = Release|Any CPU
		{72EFDE28-1A00-281F-5A2C-CA5CEE614A5C}.Release|Any CPU.Build.0 = Release|Any CPU
		{E4DCBB1C-1291-C61C-BD27-97858000B481}.Debug|Any CPU.ActiveCfg = Debug|Any CPU
		{E4DCBB1C-1291-C61C-BD27-97858000B481}.Debug|Any CPU.Build.0 = Debug|Any CPU
		{E4DCBB1C-1291-C61C-BD27-97858000B481}.Release|Any CPU.ActiveCfg = Release|Any CPU
		{E4DCBB1C-1291-C61C-BD27-97858000B481}.Release|Any CPU.Build.0 = Release|Any CPU
	EndGlobalSection
	GlobalSection(SolutionProperties) = preSolution
		HideSolutionNode = FALSE
	EndGlobalSection
	GlobalSection(NestedProjects) = preSolution
		{72EFDE28-1A00-281F-5A2C-CA5CEE614A5C} = {02EA681E-C7D8-13C7-8484-4AC65E1B71E8}
		{E4DCBB1C-1291-C61C-BD27-97858000B481} = {02EA681E-C7D8-13C7-8484-4AC65E1B71E8}
	EndGlobalSection
	GlobalSection(ExtensibilityGlobals) = postSolution
		SolutionGuid = {AD5F7B1B-BB73-4173-AB5A-4E45153D3CC7}
	EndGlobalSection
EndGlobal
