
Microsoft Visual Studio Solution File, Format Version 12.00
# Visual Studio Version 17
VisualStudioVersion = 17.0.31903.59
MinimumVisualStudioVersion = 10.0.40219.1
Project("{2150E333-8FDC-42A3-9474-1A3956D46DE8}") = "Common", "Common", "{02EA681E-C7D8-13C7-8484-4AC65E1B71E8}"
EndProject
Project("{FAE04EC0-301F-11D3-BF4B-00C04F79EFBC}") = "OrleansSamples.Common", "..\common\OrleansSamples.Common\OrleansSamples.Common.csproj", "{1A180A3C-5868-F49A-E41F-C566E2E75CDD}"
EndProject
Project("{FAE04EC0-301F-11D3-BF4B-00C04F79EFBC}") = "OrleansSamples.Common.Reminders", "..\common\OrleansSamples.Common.Reminders\OrleansSamples.Common.Reminders.csproj", "{C570CE8D-55E1-7379-4C2F-CE7849CF01DB}"
EndProject
Project("{FAE04EC0-301F-11D3-BF4B-00C04F79EFBC}") = "OrleansSamples.Common.Streaming", "..\common\OrleansSamples.Common.Streaming\OrleansSamples.Common.Streaming.csproj", "{96F30682-6E6D-3294-8BD9-0071710DBBAF}"
EndProject
Project("{FAE04EC0-301F-11D3-BF4B-00C04F79EFBC}") = "OrleansSamples.ServiceDefaults", "..\common\OrleansSamples.ServiceDefaults\OrleansSamples.ServiceDefaults.csproj", "{92A35708-D962-E546-24B3-7FB75FE4092D}"
EndProject
Project("{FAE04EC0-301F-11D3-BF4B-00C04F79EFBC}") = "OrleansSamples.AzureStorageProviders.AppHost", "OrleansSamples.AzureStorageProviders.AppHost\OrleansSamples.AzureStorageProviders.AppHost.csproj", "{798D4E8C-D1C6-41FD-9066-EDA365EE1965}"
EndProject
Project("{FAE04EC0-301F-11D3-BF4B-00C04F79EFBC}") = "OrleansSamples.AzureStorageProviders.Silo", "OrleansSamples.AzureStorageProviders.Silo\OrleansSamples.AzureStorageProviders.Silo.csproj", "{23DEC6F1-FF93-3EB1-5B1B-4CDD321AF222}"
EndProject
Global
	GlobalSection(SolutionConfigurationPlatforms) = preSolution
		Debug|Any CPU = Debug|Any CPU
		Release|Any CPU = Release|Any CPU
	EndGlobalSection
	GlobalSection(ProjectConfigurationPlatforms) = postSolution
		{1A180A3C-5868-F49A-E41F-C566E2E75CDD}.Debug|Any CPU.ActiveCfg = Debug|Any CPU
		{1A180A3C-5868-F49A-E41F-C566E2E75CDD}.Debug|Any CPU.Build.0 = Debug|Any CPU
		{1A180A3C-5868-F49A-E41F-C566E2E75CDD}.Release|Any CPU.ActiveCfg = Release|Any CPU
		{1A180A3C-5868-F49A-E41F-C566E2E75CDD}.Release|Any CPU.Build.0 = Release|Any CPU
		{C570CE8D-55E1-7379-4C2F-CE7849CF01DB}.Debug|Any CPU.ActiveCfg = Debug|Any CPU
		{C570CE8D-55E1-7379-4C2F-CE7849CF01DB}.Debug|Any CPU.Build.0 = Debug|Any CPU
		{C570CE8D-55E1-7379-4C2F-CE7849CF01DB}.Release|Any CPU.ActiveCfg = Release|Any CPU
		{C570CE8D-55E1-7379-4C2F-CE7849CF01DB}.Release|Any CPU.Build.0 = Release|Any CPU
		{96F30682-6E6D-3294-8BD9-0071710DBBAF}.Debug|Any CPU.ActiveCfg = Debug|Any CPU
		{96F30682-6E6D-3294-8BD9-0071710DBBAF}.Debug|Any CPU.Build.0 = Debug|Any CPU
		{96F30682-6E6D-3294-8BD9-0071710DBBAF}.Release|Any CPU.ActiveCfg = Release|Any CPU
		{96F30682-6E6D-3294-8BD9-0071710DBBAF}.Release|Any CPU.Build.0 = Release|Any CPU
		{92A35708-D962-E546-24B3-7FB75FE4092D}.Debug|Any CPU.ActiveCfg = Debug|Any CPU
		{92A35708-D962-E546-24B3-7FB75FE4092D}.Debug|Any CPU.Build.0 = Debug|Any CPU
		{92A35708-D962-E546-24B3-7FB75FE4092D}.Release|Any CPU.ActiveCfg = Release|Any CPU
		{92A35708-D962-E546-24B3-7FB75FE4092D}.Release|Any CPU.Build.0 = Release|Any CPU
		{798D4E8C-D1C6-41FD-9066-EDA365EE1965}.Debug|Any CPU.ActiveCfg = Debug|Any CPU
		{798D4E8C-D1C6-41FD-9066-EDA365EE1965}.Debug|Any CPU.Build.0 = Debug|Any CPU
		{798D4E8C-D1C6-41FD-9066-EDA365EE1965}.Release|Any CPU.ActiveCfg = Release|Any CPU
		{798D4E8C-D1C6-41FD-9066-EDA365EE1965}.Release|Any CPU.Build.0 = Release|Any CPU
		{23DEC6F1-FF93-3EB1-5B1B-4CDD321AF222}.Debug|Any CPU.ActiveCfg = Debug|Any CPU
		{23DEC6F1-FF93-3EB1-5B1B-4CDD321AF222}.Debug|Any CPU.Build.0 = Debug|Any CPU
		{23DEC6F1-FF93-3EB1-5B1B-4CDD321AF222}.Release|Any CPU.ActiveCfg = Release|Any CPU
		{23DEC6F1-FF93-3EB1-5B1B-4CDD321AF222}.Release|Any CPU.Build.0 = Release|Any CPU
	EndGlobalSection
	GlobalSection(SolutionProperties) = preSolution
		HideSolutionNode = FALSE
	EndGlobalSection
	GlobalSection(NestedProjects) = preSolution
		{1A180A3C-5868-F49A-E41F-C566E2E75CDD} = {02EA681E-C7D8-13C7-8484-4AC65E1B71E8}
		{C570CE8D-55E1-7379-4C2F-CE7849CF01DB} = {02EA681E-C7D8-13C7-8484-4AC65E1B71E8}
		{96F30682-6E6D-3294-8BD9-0071710DBBAF} = {02EA681E-C7D8-13C7-8484-4AC65E1B71E8}
		{92A35708-D962-E546-24B3-7FB75FE4092D} = {02EA681E-C7D8-13C7-8484-4AC65E1B71E8}
	EndGlobalSection
EndGlobal
