
Microsoft Visual Studio Solution File, Format Version 12.00
# Visual Studio Version 17
VisualStudioVersion = 17.0.31903.59
MinimumVisualStudioVersion = 10.0.40219.1
Project("{FAE04EC0-301F-11D3-BF4B-00C04F79EFBC}") = "SatellitePattern.Shared", "SatellitePattern.Shared\SatellitePattern.Shared.csproj", "{384C2FA5-D06E-4B38-AF0B-F3D51FB29F24}"
EndProject
Project("{FAE04EC0-301F-11D3-BF4B-00C04F79EFBC}") = "SatellitePattern.SiloHost", "SatellitePattern.SiloHost\SatellitePattern.SiloHost.csproj", "{3D7F9477-B35F-4D97-8205-BAB2741E9DCC}"
EndProject
Project("{FAE04EC0-301F-11D3-BF4B-00C04F79EFBC}") = "SatellitePattern.Client", "SatellitePattern.Client\SatellitePattern.Client.csproj", "{95D9E3A5-39E9-4435-AF07-24F8DE667A5A}"
EndProject
Global
	GlobalSection(SolutionConfigurationPlatforms) = preSolution
		Debug|Any CPU = Debug|Any CPU
		Release|Any CPU = Release|Any CPU
	EndGlobalSection
	GlobalSection(ProjectConfigurationPlatforms) = postSolution
		{384C2FA5-D06E-4B38-AF0B-F3D51FB29F24}.Debug|Any CPU.ActiveCfg = Debug|Any CPU
		{384C2FA5-D06E-4B38-AF0B-F3D51FB29F24}.Debug|Any CPU.Build.0 = Debug|Any CPU
		{384C2FA5-D06E-4B38-AF0B-F3D51FB29F24}.Release|Any CPU.ActiveCfg = Release|Any CPU
		{384C2FA5-D06E-4B38-AF0B-F3D51FB29F24}.Release|Any CPU.Build.0 = Release|Any CPU
		{3D7F9477-B35F-4D97-8205-BAB2741E9DCC}.Debug|Any CPU.ActiveCfg = Debug|Any CPU
		{3D7F9477-B35F-4D97-8205-BAB2741E9DCC}.Debug|Any CPU.Build.0 = Debug|Any CPU
		{3D7F9477-B35F-4D97-8205-BAB2741E9DCC}.Release|Any CPU.ActiveCfg = Release|Any CPU
		{3D7F9477-B35F-4D97-8205-BAB2741E9DCC}.Release|Any CPU.Build.0 = Release|Any CPU
		{95D9E3A5-39E9-4435-AF07-24F8DE667A5A}.Debug|Any CPU.ActiveCfg = Debug|Any CPU
		{95D9E3A5-39E9-4435-AF07-24F8DE667A5A}.Debug|Any CPU.Build.0 = Debug|Any CPU
		{95D9E3A5-39E9-4435-AF07-24F8DE667A5A}.Release|Any CPU.ActiveCfg = Release|Any CPU
		{95D9E3A5-39E9-4435-AF07-24F8DE667A5A}.Release|Any CPU.Build.0 = Release|Any CPU
	EndGlobalSection
	GlobalSection(SolutionProperties) = preSolution
		HideSolutionNode = FALSE
	EndGlobalSection
	GlobalSection(ExtensibilityGlobals) = postSolution
		SolutionGuid = {BD25D61D-C51F-4AFC-8F20-E990B1F8291C}
	EndGlobalSection
EndGlobal
