
Microsoft Visual Studio Solution File, Format Version 12.00
# Visual Studio Version 17
VisualStudioVersion = 17.0.31903.59
MinimumVisualStudioVersion = 10.0.40219.1
Project("{2150E333-8FDC-42A3-9474-1A3956D46DE8}") = "Common", "Common", "{02EA681E-C7D8-13C7-8484-4AC65E1B71E8}"
EndProject
Project("{FAE04EC0-301F-11D3-BF4B-00C04F79EFBC}") = "OrleansSamples.Common", "..\..\common\OrleansSamples.Common\OrleansSamples.Common.csproj", "{72EFDE28-1A00-281F-5A2C-CA5CEE614A5C}"
EndProject
Project("{FAE04EC0-301F-11D3-BF4B-00C04F79EFBC}") = "OrleansSamples.ServiceDefaults", "..\..\common\OrleansSamples.ServiceDefaults\OrleansSamples.ServiceDefaults.csproj", "{E4DCBB1C-1291-C61C-BD27-97858000B481}"
EndProject
Project("{FAE04EC0-301F-11D3-BF4B-00C04F79EFBC}") = "OrleansSamples.AzureTableClustering.AppHost", "OrleansSamples.AzureTableClustering.AppHost\OrleansSamples.AzureTableClustering.AppHost.csproj", "{39D51ADD-8DB9-4A4E-A4AC-021182CC278A}"
EndProject
Project("{FAE04EC0-301F-11D3-BF4B-00C04F79EFBC}") = "OrleansSamples.AzureTableClustering.Silo", "OrleansSamples.AzureTableClustering.Silo\OrleansSamples.AzureTableClustering.Silo.csproj", "{7B0A6B40-67F2-83D3-C5B6-9CC8AE5E2D73}"
EndProject
Global
	GlobalSection(SolutionConfigurationPlatforms) = preSolution
		Debug|Any CPU = Debug|Any CPU
		Release|Any CPU = Release|Any CPU
	EndGlobalSection
	GlobalSection(ProjectConfigurationPlatforms) = postSolution
		{72EFDE28-1A00-281F-5A2C-CA5CEE614A5C}.Debug|Any CPU.ActiveCfg = Debug|Any CPU
		{72EFDE28-1A00-281F-5A2C-CA5CEE614A5C}.Debug|Any CPU.Build.0 = Debug|Any CPU
		{72EFDE28-1A00-281F-5A2C-CA5CEE614A5C}.Release|Any CPU.ActiveCfg = Release|Any CPU
		{72EFDE28-1A00-281F-5A2C-CA5CEE614A5C}.Release|Any CPU.Build.0 = Release|Any CPU
		{E4DCBB1C-1291-C61C-BD27-97858000B481}.Debug|Any CPU.ActiveCfg = Debug|Any CPU
		{E4DCBB1C-1291-C61C-BD27-97858000B481}.Debug|Any CPU.Build.0 = Debug|Any CPU
		{E4DCBB1C-1291-C61C-BD27-97858000B481}.Release|Any CPU.ActiveCfg = Release|Any CPU
		{E4DCBB1C-1291-C61C-BD27-97858000B481}.Release|Any CPU.Build.0 = Release|Any CPU
		{39D51ADD-8DB9-4A4E-A4AC-021182CC278A}.Debug|Any CPU.ActiveCfg = Debug|Any CPU
		{39D51ADD-8DB9-4A4E-A4AC-021182CC278A}.Debug|Any CPU.Build.0 = Debug|Any CPU
		{39D51ADD-8DB9-4A4E-A4AC-021182CC278A}.Release|Any CPU.ActiveCfg = Release|Any CPU
		{39D51ADD-8DB9-4A4E-A4AC-021182CC278A}.Release|Any CPU.Build.0 = Release|Any CPU
		{7B0A6B40-67F2-83D3-C5B6-9CC8AE5E2D73}.Debug|Any CPU.ActiveCfg = Debug|Any CPU
		{7B0A6B40-67F2-83D3-C5B6-9CC8AE5E2D73}.Debug|Any CPU.Build.0 = Debug|Any CPU
		{7B0A6B40-67F2-83D3-C5B6-9CC8AE5E2D73}.Release|Any CPU.ActiveCfg = Release|Any CPU
		{7B0A6B40-67F2-83D3-C5B6-9CC8AE5E2D73}.Release|Any CPU.Build.0 = Release|Any CPU
	EndGlobalSection
	GlobalSection(SolutionProperties) = preSolution
		HideSolutionNode = FALSE
	EndGlobalSection
	GlobalSection(NestedProjects) = preSolution
		{72EFDE28-1A00-281F-5A2C-CA5CEE614A5C} = {02EA681E-C7D8-13C7-8484-4AC65E1B71E8}
		{E4DCBB1C-1291-C61C-BD27-97858000B481} = {02EA681E-C7D8-13C7-8484-4AC65E1B71E8}
	EndGlobalSection
EndGlobal
